
Microsoft Visual Studio Solution File, Format Version 12.00
# Visual Studio Version 17
VisualStudioVersion = 17.0.31903.59
MinimumVisualStudioVersion = 10.0.40219.1
Project("{9A19103F-16F7-4668-BE54-9A1E7A4F7556}") = "TFM.Contracts", "TFM.Contracts\TFM.Contracts.csproj", "{AAA2B8E9-6B88-49B3-99CE-342978EF5CE5}"
EndProject
Project("{9A19103F-16F7-4668-BE54-9A1E7A4F7556}") = "TFM.Broker", "TFM.Broker\TFM.Broker.csproj", "{7038A185-7637-4516-A688-80165DB6C4D9}"
EndProject
Project("{9A19103F-16F7-4668-BE54-9A1E7A4F7556}") = "TFM.Agent", "TFM.Agent\TFM.Agent.csproj", "{16312193-A03D-4BF6-988D-268C5C138285}"
EndProject
Project("{9A19103F-16F7-4668-BE54-9A1E7A4F7556}") = "TFM.Dashboard", "TFM.Dashboard\TFM.Dashboard.csproj", "{DD9BF87D-AF72-4341-93D9-DF813590CC1D}"
EndProject
Global
	GlobalSection(SolutionConfigurationPlatforms) = preSolution
		Debug|Any CPU = Debug|Any CPU
		Debug|x64 = Debug|x64
		Debug|x86 = Debug|x86
		Release|Any CPU = Release|Any CPU
		Release|x64 = Release|x64
		Release|x86 = Release|x86
	EndGlobalSection
	GlobalSection(ProjectConfigurationPlatforms) = postSolution
		{AAA2B8E9-6B88-49B3-99CE-342978EF5CE5}.Debug|Any CPU.ActiveCfg = Debug|Any CPU
		{AAA2B8E9-6B88-49B3-99CE-342978EF5CE5}.Debug|Any CPU.Build.0 = Debug|Any CPU
		{AAA2B8E9-6B88-49B3-99CE-342978EF5CE5}.Debug|x64.ActiveCfg = Debug|Any CPU
		{AAA2B8E9-6B88-49B3-99CE-342978EF5CE5}.Debug|x64.Build.0 = Debug|Any CPU
		{AAA2B8E9-6B88-49B3-99CE-342978EF5CE5}.Debug|x86.ActiveCfg = Debug|Any CPU
		{AAA2B8E9-6B88-49B3-99CE-342978EF5CE5}.Debug|x86.Build.0 = Debug|Any CPU
		{AAA2B8E9-6B88-49B3-99CE-342978EF5CE5}.Release|Any CPU.ActiveCfg = Release|Any CPU
		{AAA2B8E9-6B88-49B3-99CE-342978EF5CE5}.Release|Any CPU.Build.0 = Release|Any CPU
		{AAA2B8E9-6B88-49B3-99CE-342978EF5CE5}.Release|x64.ActiveCfg = Release|Any CPU
		{AAA2B8E9-6B88-49B3-99CE-342978EF5CE5}.Release|x64.Build.0 = Release|Any CPU
		{AAA2B8E9-6B88-49B3-99CE-342978EF5CE5}.Release|x86.ActiveCfg = Release|Any CPU
		{AAA2B8E9-6B88-49B3-99CE-342978EF5CE5}.Release|x86.Build.0 = Release|Any CPU
		{7038A185-7637-4516-A688-80165DB6C4D9}.Debug|Any CPU.ActiveCfg = Debug|Any CPU
		{7038A185-7637-4516-A688-80165DB6C4D9}.Debug|Any CPU.Build.0 = Debug|Any CPU
		{7038A185-7637-4516-A688-80165DB6C4D9}.Debug|x64.ActiveCfg = Debug|Any CPU
		{7038A185-7637-4516-A688-80165DB6C4D9}.Debug|x64.Build.0 = Debug|Any CPU
		{7038A185-7637-4516-A688-80165DB6C4D9}.Debug|x86.ActiveCfg = Debug|Any CPU
		{7038A185-7637-4516-A688-80165DB6C4D9}.Debug|x86.Build.0 = Debug|Any CPU
		{7038A185-7637-4516-A688-80165DB6C4D9}.Release|Any CPU.ActiveCfg = Release|Any CPU
		{7038A185-7637-4516-A688-80165DB6C4D9}.Release|Any CPU.Build.0 = Release|Any CPU
		{7038A185-7637-4516-A688-80165DB6C4D9}.Release|x64.ActiveCfg = Release|Any CPU
		{7038A185-7637-4516-A688-80165DB6C4D9}.Release|x64.Build.0 = Release|Any CPU
		{7038A185-7637-4516-A688-80165DB6C4D9}.Release|x86.ActiveCfg = Release|Any CPU
		{7038A185-7637-4516-A688-80165DB6C4D9}.Release|x86.Build.0 = Release|Any CPU
		{16312193-A03D-4BF6-988D-268C5C138285}.Debug|Any CPU.ActiveCfg = Debug|Any CPU
		{16312193-A03D-4BF6-988D-268C5C138285}.Debug|Any CPU.Build.0 = Debug|Any CPU
		{16312193-A03D-4BF6-988D-268C5C138285}.Debug|x64.ActiveCfg = Debug|Any CPU
		{16312193-A03D-4BF6-988D-268C5C138285}.Debug|x64.Build.0 = Debug|Any CPU
		{16312193-A03D-4BF6-988D-268C5C138285}.Debug|x86.ActiveCfg = Debug|Any CPU
		{16312193-A03D-4BF6-988D-268C5C138285}.Debug|x86.Build.0 = Debug|Any CPU
		{16312193-A03D-4BF6-988D-268C5C138285}.Release|Any CPU.ActiveCfg = Release|Any CPU
		{16312193-A03D-4BF6-988D-268C5C138285}.Release|Any CPU.Build.0 = Release|Any CPU
		{16312193-A03D-4BF6-988D-268C5C138285}.Release|x64.ActiveCfg = Release|Any CPU
		{16312193-A03D-4BF6-988D-268C5C138285}.Release|x64.Build.0 = Release|Any CPU
		{16312193-A03D-4BF6-988D-268C5C138285}.Release|x86.ActiveCfg = Release|Any CPU
		{16312193-A03D-4BF6-988D-268C5C138285}.Release|x86.Build.0 = Release|Any CPU
		{DD9BF87D-AF72-4341-93D9-DF813590CC1D}.Debug|Any CPU.ActiveCfg = Debug|Any CPU
		{DD9BF87D-AF72-4341-93D9-DF813590CC1D}.Debug|Any CPU.Build.0 = Debug|Any CPU
		{DD9BF87D-AF72-4341-93D9-DF813590CC1D}.Debug|x64.ActiveCfg = Debug|Any CPU
		{DD9BF87D-AF72-4341-93D9-DF813590CC1D}.Debug|x64.Build.0 = Debug|Any CPU
		{DD9BF87D-AF72-4341-93D9-DF813590CC1D}.Debug|x86.ActiveCfg = Debug|Any CPU
		{DD9BF87D-AF72-4341-93D9-DF813590CC1D}.Debug|x86.Build.0 = Debug|Any CPU
		{DD9BF87D-AF72-4341-93D9-DF813590CC1D}.Release|Any CPU.ActiveCfg = Release|Any CPU
		{DD9BF87D-AF72-4341-93D9-DF813590CC1D}.Release|Any CPU.Build.0 = Release|Any CPU
		{DD9BF87D-AF72-4341-93D9-DF813590CC1D}.Release|x64.ActiveCfg = Release|Any CPU
		{DD9BF87D-AF72-4341-93D9-DF813590CC1D}.Release|x64.Build.0 = Release|Any CPU
		{DD9BF87D-AF72-4341-93D9-DF813590CC1D}.Release|x86.ActiveCfg = Release|Any CPU
		{DD9BF87D-AF72-4341-93D9-DF813590CC1D}.Release|x86.Build.0 = Release|Any CPU
	EndGlobalSection
	GlobalSection(SolutionProperties) = preSolution
		HideSolutionNode = FALSE
	EndGlobalSection
	GlobalSection(ExtensibilityGlobals) = postSolution
		SolutionGuid = {C7756E26-48C9-4AB9-B88B-2A70F6CB5997}
	EndGlobalSection
EndGlobal
